
Microsoft Visual Studio Solution File, Format Version 12.00
# Visual Studio Version 16
VisualStudioVersion = 16.0.31729.503
MinimumVisualStudioVersion = 10.0.40219.1
Project("{FAE04EC0-301F-11D3-BF4B-00C04F79EFBC}") = "kalkulatorfinal", "kalkulatorfinal\kalkulatorfinal.csproj", "{133763A1-3EFB-47BD-8180-E6AF29579D7D}"
EndProject
Global
	GlobalSection(SolutionConfigurationPlatforms) = preSolution
		Debug|Any CPU = Debug|Any CPU
		Release|Any CPU = Release|Any CPU
	EndGlobalSection
	GlobalSection(ProjectConfigurationPlatforms) = postSolution
		{133763A1-3EFB-47BD-8180-E6AF29579D7D}.Debug|Any CPU.ActiveCfg = Debug|Any CPU
		{133763A1-3EFB-47BD-8180-E6AF29579D7D}.Debug|Any CPU.Build.0 = Debug|Any CPU
		{133763A1-3EFB-47BD-8180-E6AF29579D7D}.Release|Any CPU.ActiveCfg = Release|Any CPU
		{133763A1-3EFB-47BD-8180-E6AF29579D7D}.Release|Any CPU.Build.0 = Release|Any CPU
	EndGlobalSection
	GlobalSection(SolutionProperties) = preSolution
		HideSolutionNode = FALSE
	EndGlobalSection
	GlobalSection(ExtensibilityGlobals) = postSolution
		SolutionGuid = {408ADB72-D8D7-4151-BB1A-724DF0314BBA}
	EndGlobalSection
EndGlobal
